lockfileVersion: '9.0'

settings:
  autoInstallPeers: true
  excludeLinksFromLockfile: false

importers:

  .:
    dependencies:
      nan:
        specifier: ^2.15.0
        version: 2.26.2
    devDependencies:
      tree-sitter-cli:
        specifier: 0.20.8
        version: 0.20.8

packages:

  nan@2.26.2:
    resolution: {integrity: sha512-0tTvBTYkt3tdGw22nrAy50x7gpbGCCFH3AFcyS5WiUu7Eu4vWlri1woE6qHBSfy11vksDqkiwjOnlR7WV8G1Hw==}

  tree-sitter-cli@0.20.8:
    resolution: {integrity: sha512-XjTcS3wdTy/2cc/ptMLc/WRyOLECRYcMTrSWyhZnj1oGSOWbHLTklgsgRICU3cPfb0vy+oZCC33M43u6R1HSCA==}
    hasBin: true

snapshots:

  nan@2.26.2: {}

  tree-sitter-cli@0.20.8: {}
